// !$*UTF8*$!
{
	archiveVersion = 1;
	classes = {
	};
	objectVersion = 46;
	objects = {

/* Begin PBXBuildFile section */
		736D9CFD1D43E79400F29535 /* main.m in Sources */ = {isa = PBXBuildFile; fileRef = 736D9CFC1D43E79400F29535 /* main.m */; };
		736D9D001D43E79400F29535 /* AppDelegate.m in Sources */ = {isa = PBXBuildFile; fileRef = 736D9CFF1D43E79400F29535 /* AppDelegate.m */; };
		736D9D031D43E79400F29535 /* ViewController.m in Sources */ = {isa = PBXBuildFile; fileRef = 736D9D021D43E79400F29535 /* ViewController.m */; };
		736D9D061D43E79400F29535 /* Main.storyboard in Resources */ = {isa = PBXBuildFile; fileRef = 736D9D041D43E79400F29535 /* Main.storyboard */; };
		736D9D081D43E79400F29535 /* Assets.xcassets in Resources */ = {isa = PBXBuildFile; fileRef = 736D9D071D43E79400F29535 /* Assets.xcassets */; };
		736D9D0B1D43E79500F29535 /* LaunchScreen.storyboard in Resources */ = {isa = PBXBuildFile; fileRef = 736D9D091D43E79500F29535 /* LaunchScreen.storyboard */; };
		736D9D161D43E79500F29535 /* _4_AppIconTests.m in Sources */ = {isa = PBXBuildFile; fileRef = 736D9D151D43E79500F29535 /* _4_AppIconTests.m */; };
		736D9D211D43E79500F29535 /* _4_AppIconUITests.m in Sources */ = {isa = PBXBuildFile; fileRef = 736D9D201D43E79500F29535 /* _4_AppIconUITests.m */; };
		736D9D2F1D43F06E00F29535 /* Images.xcassets in Resources */ = {isa = PBXBuildFile; fileRef = 736D9D2E1D43F06E00F29535 /* Images.xcassets */; };
/* End PBXBuildFile section */

/* Begin PBXContainerItemProxy section */
		736D9D121D43E79500F29535 /* PBXContainerItemProxy */ = {
			isa = PBXContainerItemProxy;
			containerPortal = 736D9CF01D43E79400F29535 /* Project object */;
			proxyType = 1;
			remoteGlobalIDString = 736D9CF71D43E79400F29535;
			remoteInfo = 04_AppIcon;
		};
		736D9D1D1D43E79500F29535 /* PBXContainerItemProxy */ = {
			isa = PBXContainerItemProxy;
			containerPortal = 736D9CF01D43E79400F29535 /* Project object */;
			proxyType = 1;
			remoteGlobalIDString = 736D9CF71D43E79400F29535;
			remoteInfo = 04_AppIcon;
		};
/* End PBXContainerItemProxy section */

/* Begin PBXFileReference section */
		736D9CF81D43E79400F29535 /* 04_AppIcon.app */ = {isa = PBXFileReference; explicitFileType = wrapper.application; includeInIndex = 0; path = 04_AppIcon.app; sourceTree = BUILT_PRODUCTS_DIR; };
		736D9CFC1D43E79400F29535 /* main.m */ = {isa = PBXFileReference; lastKnownFileType = sourcecode.c.objc; path = main.m; sourceTree = "<group>"; };
		736D9CFE1D43E79400F29535 /* AppDelegate.h */ = {isa = PBXFileReference; lastKnownFileType = sourcecode.c.h; path = AppDelegate.h; sourceTree = "<group>"; };
		736D9CFF1D43E79400F29535 /* AppDelegate.m */ = {isa = PBXFileReference; lastKnownFileType = sourcecode.c.objc; path = AppDelegate.m; sourceTree = "<group>"; };
		736D9D011D43E79400F29535 /* ViewController.h */ = {isa = PBXFileReference; lastKnownFileType = sourcecode.c.h; path = ViewController.h; sourceTree = "<group>"; };
		736D9D021D43E79400F29535 /* ViewController.m */ = {isa = PBXFileReference; lastKnownFileType = sourcecode.c.objc; path = ViewController.m; sourceTree = "<group>"; };
		736D9D051D43E79400F29535 /* Base */ = {isa = PBXFileReference; lastKnownFileType = file.storyboard; name = Base; path = Base.lproj/Main.storyboard; sourceTree = "<group>"; };
		736D9D071D43E79400F29535 /* Assets.xcassets */ = {isa = PBXFileReference; lastKnownFileType = folder.assetcatalog; path = Assets.xcassets; sourceTree = "<group>"; };
		736D9D0A1D43E79500F29535 /* Base */ = {isa = PBXFileReference; lastKnownFileType = file.storyboard; name = Base; path = Base.lproj/LaunchScreen.storyboard; sourceTree = "<group>"; };
		736D9D0C1D43E79500F29535 /* Info.plist */ = {isa = PBXFileReference; lastKnownFileType = text.plist.xml; path = Info.plist; sourceTree = "<group>"; };
		736D9D111D43E79500F29535 /* 04_AppIconTests.xctest */ = {isa = PBXFileReference; explicitFileType = wrapper.cfbundle; includeInIndex = 0; path = 04_AppIconTests.xctest; sourceTree = BUILT_PRODUCTS_DIR; };
		736D9D151D43E79500F29535 /* _4_AppIconTests.m */ = {isa = PBXFileReference; lastKnownFileType = sourcecode.c.objc; path = _4_AppIconTests.m; sourceTree = "<group>"; };
		736D9D171D43E79500F29535 /* Info.plist */ = {isa = PBXFileReference; lastKnownFileType = text.plist.xml; path = Info.plist; sourceTree = "<group>"; };
		736D9D1C1D43E79500F29535 /* 04_AppIconUITests.xctest */ = {isa = PBXFileReference; explicitFileType = wrapper.cfbundle; includeInIndex = 0; path = 04_AppIconUITests.xctest; sourceTree = BUILT_PRODUCTS_DIR; };
		736D9D201D43E79500F29535 /* _4_AppIconUITests.m */ = {isa = PBXFileReference; lastKnownFileType = sourcecode.c.objc; path = _4_AppIconUITests.m; sourceTree = "<group>"; };
		736D9D221D43E79500F29535 /* Info.plist */ = {isa = PBXFileReference; lastKnownFileType = text.plist.xml; path = Info.plist; sourceTree = "<group>"; };
		736D9D2E1D43F06E00F29535 /* Images.xcassets */ = {isa = PBXFileReference; lastKnownFileType = folder.assetcatalog; path = Images.xcassets; sourceTree = "<group>"; };
/* End PBXFileReference section */

/* Begin PBXFrameworksBuildPhase section */
		736D9CF51D43E79400F29535 /* Frameworks */ = {
			isa = PBXFrameworksBuildPhase;
			buildActionMask = 2147483647;
			files = (
			);
			runOnlyForDeploymentPostprocessing = 0;
		};
		736D9D0E1D43E79500F29535 /* Frameworks */ = {
			isa = PBXFrameworksBuildPhase;
			buildActionMask = 2147483647;
			files = (
			);
			runOnlyForDeploymentPostprocessing = 0;
		};
		736D9D191D43E79500F29535 /* Frameworks */ = {
			isa = PBXFrameworksBuildPhase;
			buildActionMask = 2147483647;
			files = (
			);
			runOnlyForDeploymentPostprocessing = 0;
		};
/* End PBXFrameworksBuildPhase section */

/* Begin PBXGroup section */
		736D9CEF1D43E79400F29535 = {
			isa = PBXGroup;
			children = (
				736D9CFA1D43E79400F29535 /* 04_AppIcon */,
				736D9D141D43E79500F29535 /* 04_AppIconTests */,
				736D9D1F1D43E79500F29535 /* 04_AppIconUITests */,
				736D9CF91D43E79400F29535 /* Products */,
			);
			sourceTree = "<group>";
		};
		736D9CF91D43E79400F29535 /* Products */ = {
			isa = PBXGroup;
			children = (
				736D9CF81D43E79400F29535 /* 04_AppIcon.app */,
				736D9D111D43E79500F29535 /* 04_AppIconTests.xctest */,
				736D9D1C1D43E79500F29535 /* 04_AppIconUITests.xctest */,
			);
			name = Products;
			sourceTree = "<group>";
		};
		736D9CFA1D43E79400F29535 /* 04_AppIcon */ = {
			isa = PBXGroup;
			children = (
				736D9CFE1D43E79400F29535 /* AppDelegate.h */,
				736D9CFF1D43E79400F29535 /* AppDelegate.m */,
				736D9D011D43E79400F29535 /* ViewController.h */,
				736D9D021D43E79400F29535 /* ViewController.m */,
				736D9D041D43E79400F29535 /* Main.storyboard */,
				736D9D071D43E79400F29535 /* Assets.xcassets */,
				736D9D091D43E79500F29535 /* LaunchScreen.storyboard */,
				736D9D0C1D43E79500F29535 /* Info.plist */,
				736D9D2E1D43F06E00F29535 /* Images.xcassets */,
				736D9CFB1D43E79400F29535 /* Supporting Files */,
			);
			path = 04_AppIcon;
			sourceTree = "<group>";
		};
		736D9CFB1D43E79400F29535 /* Supporting Files */ = {
			isa = PBXGroup;
			children = (
				736D9CFC1D43E79400F29535 /* main.m */,
			);
			name = "Supporting Files";
			sourceTree = "<group>";
		};
		736D9D141D43E79500F29535 /* 04_AppIconTests */ = {
			isa = PBXGroup;
			children = (
				736D9D151D43E79500F29535 /* _4_AppIconTests.m */,
				736D9D171D43E79500F29535 /* Info.plist */,
			);
			path = 04_AppIconTests;
			sourceTree = "<group>";
		};
		736D9D1F1D43E79500F29535 /* 04_AppIconUITests */ = {
			isa = PBXGroup;
			children = (
				736D9D201D43E79500F29535 /* _4_AppIconUITests.m */,
				736D9D221D43E79500F29535 /* Info.plist */,
			);
			path = 04_AppIconUITests;
			sourceTree = "<group>";
		};
/* End PBXGroup section */

/* Begin PBXNativeTarget section */
		736D9CF71D43E79400F29535 /* 04_AppIcon */ = {
			isa = PBXNativeTarget;
			buildConfigurationList = 736D9D251D43E79500F29535 /* Build configuration list for PBXNativeTarget "04_AppIcon" */;
			buildPhases = (
				736D9CF41D43E79400F29535 /* Sources */,
				736D9CF51D43E79400F29535 /* Frameworks */,
				736D9CF61D43E79400F29535 /* Resources */,
			);
			buildRules = (
			);
			dependencies = (
			);
			name = 04_AppIcon;
			productName = 04_AppIcon;
			productReference = 736D9CF81D43E79400F29535 /* 04_AppIcon.app */;
			productType = "com.apple.product-type.application";
		};
		736D9D101D43E79500F29535 /* 04_AppIconTests */ = {
			isa = PBXNativeTarget;
			buildConfigurationList = 736D9D281D43E79500F29535 /* Build configuration list for PBXNativeTarget "04_AppIconTests" */;
			buildPhases = (
				736D9D0D1D43E79500F29535 /* Sources */,
				736D9D0E1D43E79500F29535 /* Frameworks */,
				736D9D0F1D43E79500F29535 /* Resources */,
			);
			buildRules = (
			);
			dependencies = (
				736D9D131D43E79500F29535 /* PBXTargetDependency */,
			);
			name = 04_AppIconTests;
			productName = 04_AppIconTests;
			productReference = 736D9D111D43E79500F29535 /* 04_AppIconTests.xctest */;
			productType = "com.apple.product-type.bundle.unit-test";
		};
		736D9D1B1D43E79500F29535 /* 04_AppIconUITests */ = {
			isa = PBXNativeTarget;
			buildConfigurationList = 736D9D2B1D43E79500F29535 /* Build configuration list for PBXNativeTarget "04_AppIconUITests" */;
			buildPhases = (
				736D9D181D43E79500F29535 /* Sources */,
				736D9D191D43E79500F29535 /* Frameworks */,
				736D9D1A1D43E79500F29535 /* Resources */,
			);
			buildRules = (
			);
			dependencies = (
				736D9D1E1D43E79500F29535 /* PBXTargetDependency */,
			);
			name = 04_AppIconUITests;
			productName = 04_AppIconUITests;
			productReference = 736D9D1C1D43E79500F29535 /* 04_AppIconUITests.xctest */;
			productType = "com.apple.product-type.bundle.ui-testing";
		};
/* End PBXNativeTarget section */

/* Begin PBXProject section */
		736D9CF01D43E79400F29535 /* Project object */ = {
			isa = PBXProject;
			attributes = {
				LastUpgradeCheck = 0730;
				ORGANIZATIONNAME = "Yuchao Zhou";
				TargetAttributes = {
					736D9CF71D43E79400F29535 = {
						CreatedOnToolsVersion = 7.3.1;
					};
					736D9D101D43E79500F29535 = {
						CreatedOnToolsVersion = 7.3.1;
						TestTargetID = 736D9CF71D43E79400F29535;
					};
					736D9D1B1D43E79500F29535 = {
						CreatedOnToolsVersion = 7.3.1;
						TestTargetID = 736D9CF71D43E79400F29535;
					};
				};
			};
			buildConfigurationList = 736D9CF31D43E79400F29535 /* Build configuration list for PBXProject "04_AppIcon" */;
			compatibilityVersion = "Xcode 3.2";
			developmentRegion = English;
			hasScannedForEncodings = 0;
			knownRegions = (
				en,
				Base,
			);
			mainGroup = 736D9CEF1D43E79400F29535;
			productRefGroup = 736D9CF91D43E79400F29535 /* Products */;
			projectDirPath = "";
			projectRoot = "";
			targets = (
				736D9CF71D43E79400F29535 /* 04_AppIcon */,
				736D9D101D43E79500F29535 /* 04_AppIconTests */,
				736D9D1B1D43E79500F29535 /* 04_AppIconUITests */,
			);
		};
/* End PBXProject section */

/* Begin PBXResourcesBuildPhase section */
		736D9CF61D43E79400F29535 /* Resources */ = {
			isa = PBXResourcesBuildPhase;
			buildActionMask = 2147483647;
			files = (
				736D9D0B1D43E79500F29535 /* LaunchScreen.storyboard in Resources */,
				736D9D2F1D43F06E00F29535 /* Images.xcassets in Resources */,
				736D9D081D43E79400F29535 /* Assets.xcassets in Resources */,
				736D9D061D43E79400F29535 /* Main.storyboard in Resources */,
			);
			runOnlyForDeploymentPostprocessing = 0;
		};
		736D9D0F1D43E79500F29535 /* Resources */ = {
			isa = PBXResourcesBuildPhase;
			buildActionMask = 2147483647;
			files = (
			);
			runOnlyForDeploymentPostprocessing = 0;
		};
		736D9D1A1D43E79500F29535 /* Resources */ = {
			isa = PBXResourcesBuildPhase;
			buildActionMask = 2147483647;
			files = (
			);
			runOnlyForDeploymentPostprocessing = 0;
		};
/* End PBXResourcesBuildPhase section */

/* Begin PBXSourcesBuildPhase section */
		736D9CF41D43E79400F29535 /* Sources */ = {
			isa = PBXSourcesBuildPhase;
			buildActionMask = 2147483647;
			files = (
				736D9D031D43E79400F29535 /* ViewController.m in Sources */,
				736D9D001D43E79400F29535 /* AppDelegate.m in Sources */,
				736D9CFD1D43E79400F29535 /* main.m in Sources */,
			);
			runOnlyForDeploymentPostprocessing = 0;
		};
		736D9D0D1D43E79500F29535 /* Sources */ = {
			isa = PBXSourcesBuildPhase;
			buildActionMask = 2147483647;
			files = (
				736D9D161D43E79500F29535 /* _4_AppIconTests.m in Sources */,
			);
			runOnlyForDeploymentPostprocessing = 0;
		};
		736D9D181D43E79500F29535 /* Sources */ = {
			isa = PBXSourcesBuildPhase;
			buildActionMask = 2147483647;
			files = (
				736D9D211D43E79500F29535 /* _4_AppIconUITests.m in Sources */,
			);
			runOnlyForDeploymentPostprocessing = 0;
		};
/* End PBXSourcesBuildPhase section */

/* Begin PBXTargetDependency section */
		736D9D131D43E79500F29535 /* PBXTargetDependency */ = {
			isa = PBXTargetDependency;
			target = 736D9CF71D43E79400F29535 /* 04_AppIcon */;
			targetProxy = 736D9D121D43E79500F29535 /* PBXContainerItemProxy */;
		};
		736D9D1E1D43E79500F29535 /* PBXTargetDependency */ = {
			isa = PBXTargetDependency;
			target = 736D9CF71D43E79400F29535 /* 04_AppIcon */;
			targetProxy = 736D9D1D1D43E79500F29535 /* PBXContainerItemProxy */;
		};
/* End PBXTargetDependency section */

/* Begin PBXVariantGroup section */
		736D9D041D43E79400F29535 /* Main.storyboard */ = {
			isa = PBXVariantGroup;
			children = (
				736D9D051D43E79400F29535 /* Base */,
			);
			name = Main.storyboard;
			sourceTree = "<group>";
		};
		736D9D091D43E79500F29535 /* LaunchScreen.storyboard */ = {
			isa = PBXVariantGroup;
			children = (
				736D9D0A1D43E79500F29535 /* Base */,
			);
			name = LaunchScreen.storyboard;
			sourceTree = "<group>";
		};
/* End PBXVariantGroup section */

/* Begin XCBuildConfiguration section */
		736D9D231D43E79500F29535 /* Debug */ = {
			isa = XCBuildConfiguration;
			buildSettings = {
				ALWAYS_SEARCH_USER_PATHS = NO;
				CLANG_ANALYZER_NONNULL = YES;
				CLANG_CXX_LANGUAGE_STANDARD = "gnu++0x";
				CLANG_CXX_LIBRARY = "libc++";
				CLANG_ENABLE_MODULES = YES;
				CLANG_ENABLE_OBJC_ARC = YES;
				CLANG_WARN_BOOL_CONVERSION = YES;
				CLANG_WARN_CONSTANT_CONVERSION = YES;
				CLANG_WARN_DIRECT_OBJC_ISA_USAGE = YES_ERROR;
				CLANG_WARN_EMPTY_BODY = YES;
				CLANG_WARN_ENUM_CONVERSION = YES;
				CLANG_WARN_INT_CONVERSION = YES;
				CLANG_WARN_OBJC_ROOT_CLASS = YES_ERROR;
				CLANG_WARN_UNREACHABLE_CODE = YES;
				CLANG_WARN__DUPLICATE_METHOD_MATCH = YES;
				"CODE_SIGN_IDENTITY[sdk=iphoneos*]" = "iPhone Developer";
				COPY_PHASE_STRIP = NO;
				DEBUG_INFORMATION_FORMAT = dwarf;
				ENABLE_STRICT_OBJC_MSGSEND = YES;
				ENABLE_TESTABILITY = YES;
				GCC_C_LANGUAGE_STANDARD = gnu99;
				GCC_DYNAMIC_NO_PIC = NO;
				GCC_NO_COMMON_BLOCKS = YES;
				GCC_OPTIMIZATION_LEVEL = 0;
				GCC_PREPROCESSOR_DEFINITIONS = (
					"DEBUG=1",
					"$(inherited)",
				);
				GCC_WARN_64_TO_32_BIT_CONVERSION = YES;
				GCC_WARN_ABOUT_RETURN_TYPE = YES_ERROR;
				GCC_WARN_UNDECLARED_SELECTOR = YES;
				GCC_WARN_UNINITIALIZED_AUTOS = YES_AGGRESSIVE;
				GCC_WARN_UNUSED_FUNCTION = YES;
				GCC_WARN_UNUSED_VARIABLE = YES;
				IPHONEOS_DEPLOYMENT_TARGET = 9.3;
				MTL_ENABLE_DEBUG_INFO = YES;
				ONLY_ACTIVE_ARCH = YES;
				SDKROOT = iphoneos;
			};
			name = Debug;
		};
		736D9D241D43E79500F29535 /* Release */ = {
			isa = XCBuildConfiguration;
			buildSettings = {
				ALWAYS_SEARCH_USER_PATHS = NO;
				CLANG_ANALYZER_NONNULL = YES;
				CLANG_CXX_LANGUAGE_STANDARD = "gnu++0x";
				CLANG_CXX_LIBRARY = "libc++";
				CLANG_ENABLE_MODULES = YES;
				CLANG_ENABLE_OBJC_ARC = YES;
				CLANG_WARN_BOOL_CONVERSION = YES;
				CLANG_WARN_CONSTANT_CONVERSION = YES;
				CLANG_WARN_DIRECT_OBJC_ISA_USAGE = YES_ERROR;
				CLANG_WARN_EMPTY_BODY = YES;
				CLANG_WARN_ENUM_CONVERSION = YES;
				CLANG_WARN_INT_CONVERSION = YES;
				CLANG_WARN_OBJC_ROOT_CLASS = YES_ERROR;
				CLANG_WARN_UNREACHABLE_CODE = YES;
				CLANG_WARN__DUPLICATE_METHOD_MATCH = YES;
				"CODE_SIGN_IDENTITY[sdk=iphoneos*]" = "iPhone Developer";
				COPY_PHASE_STRIP = NO;
				DEBUG_INFORMATION_FORMAT = "dwarf-with-dsym";
				ENABLE_NS_ASSERTIONS = NO;
				ENABLE_STRICT_OBJC_MSGSEND = YES;
				GCC_C_LANGUAGE_STANDARD = gnu99;
				GCC_NO_COMMON_BLOCKS = YES;
				GCC_WARN_64_TO_32_BIT_CONVERSION = YES;
				GCC_WARN_ABOUT_RETURN_TYPE = YES_ERROR;
				GCC_WARN_UNDECLARED_SELECTOR = YES;
				GCC_WARN_UNINITIALIZED_AUTOS = YES_AGGRESSIVE;
				GCC_WARN_UNUSED_FUNCTION = YES;
				GCC_WARN_UNUSED_VARIABLE = YES;
				IPHONEOS_DEPLOYMENT_TARGET = 9.3;
				MTL_ENABLE_DEBUG_INFO = NO;
				SDKROOT = iphoneos;
				VALIDATE_PRODUCT = YES;
			};
			name = Release;
		};
		736D9D261D43E79500F29535 /* Debug */ = {
			isa = XCBuildConfiguration;
			buildSettings = {
				ASSETCATALOG_COMPILER_APPICON_NAME = AppIcon;
				ASSETCATALOG_COMPILER_LAUNCHIMAGE_NAME = LaunchImage;
				INFOPLIST_FILE = 04_AppIcon/Info.plist;
				LD_RUNPATH_SEARCH_PATHS = "$(inherited) @executable_path/Frameworks";
				PRODUCT_BUNDLE_IDENTIFIER = "Northwestern.-4-AppIcon";
				PRODUCT_NAME = "$(TARGET_NAME)";
			};
			name = Debug;
		};
		736D9D271D43E79500F29535 /* Release */ = {
			isa = XCBuildConfiguration;
			buildSettings = {
				ASSETCATALOG_COMPILER_APPICON_NAME = AppIcon;
				ASSETCATALOG_COMPILER_LAUNCHIMAGE_NAME = LaunchImage;
				INFOPLIST_FILE = 04_AppIcon/Info.plist;
				LD_RUNPATH_SEARCH_PATHS = "$(inherited) @executable_path/Frameworks";
				PRODUCT_BUNDLE_IDENTIFIER = "Northwestern.-4-AppIcon";
				PRODUCT_NAME = "$(TARGET_NAME)";
			};
			name = Release;
		};
		736D9D291D43E79500F29535 /* Debug */ = {
			isa = XCBuildConfiguration;
			buildSettings = {
				BUNDLE_LOADER = "$(TEST_HOST)";
				INFOPLIST_FILE = 04_AppIconTests/Info.plist;
				LD_RUNPATH_SEARCH_PATHS = "$(inherited) @executable_path/Frameworks @loader_path/Frameworks";
				PRODUCT_BUNDLE_IDENTIFIER = "Northwestern.-4-AppIconTests";
				PRODUCT_NAME = "$(TARGET_NAME)";
				TEST_HOST = "$(BUILT_PRODUCTS_DIR)/04_AppIcon.app/04_AppIcon";
			};
			name = Debug;
		};
		736D9D2A1D43E79500F29535 /* Release */ = {
			isa = XCBuildConfiguration;
			buildSettings = {
				BUNDLE_LOADER = "$(TEST_HOST)";
				INFOPLIST_FILE = 04_AppIconTests/Info.plist;
				LD_RUNPATH_SEARCH_PATHS = "$(inherited) @executable_path/Frameworks @loader_path/Frameworks";
				PRODUCT_BUNDLE_IDENTIFIER = "Northwestern.-4-AppIconTests";
				PRODUCT_NAME = "$(TARGET_NAME)";
				TEST_HOST = "$(BUILT_PRODUCTS_DIR)/04_AppIcon.app/04_AppIcon";
			};
			name = Release;
		};
		736D9D2C1D43E79500F29535 /* Debug */ = {
			isa = XCBuildConfiguration;
			buildSettings = {
				INFOPLIST_FILE = 04_AppIconUITests/Info.plist;
				LD_RUNPATH_SEARCH_PATHS = "$(inherited) @executable_path/Frameworks @loader_path/Frameworks";
				PRODUCT_BUNDLE_IDENTIFIER = "Northwestern.-4-AppIconUITests";
				PRODUCT_NAME = "$(TARGET_NAME)";
				TEST_TARGET_NAME = 04_AppIcon;
			};
			name = Debug;
		};
		736D9D2D1D43E79500F29535 /* Release */ = {
			isa = XCBuildConfiguration;
			buildSettings = {
				INFOPLIST_FILE = 04_AppIconUITests/Info.plist;
				LD_RUNPATH_SEARCH_PATHS = "$(inherited) @executable_path/Frameworks @loader_path/Frameworks";
				PRODUCT_BUNDLE_IDENTIFIER = "Northwestern.-4-AppIconUITests";
				PRODUCT_NAME = "$(TARGET_NAME)";
				TEST_TARGET_NAME = 04_AppIcon;
			};
			name = Release;
		};
/* End XCBuildConfiguration section */

/* Begin XCConfigurationList section */
		736D9CF31D43E79400F29535 /* Build configuration list for PBXProject "04_AppIcon" */ = {
			isa = XCConfigurationList;
			buildConfigurations = (
				736D9D231D43E79500F29535 /* Debug */,
				736D9D241D43E79500F29535 /* Release */,
			);
			defaultConfigurationIsVisible = 0;
			defaultConfigurationName = Release;
		};
		736D9D251D43E79500F29535 /* Build configuration list for PBXNativeTarget "04_AppIcon" */ = {
			isa = XCConfigurationList;
			buildConfigurations = (
				736D9D261D43E79500F29535 /* Debug */,
				736D9D271D43E79500F29535 /* Release */,
			);
			defaultConfigurationIsVisible = 0;
		};
		736D9D281D43E79500F29535 /* Build configuration list for PBXNativeTarget "04_AppIconTests" */ = {
			isa = XCConfigurationList;
			buildConfigurations = (
				736D9D291D43E79500F29535 /* Debug */,
				736D9D2A1D43E79500F29535 /* Release */,
			);
			defaultConfigurationIsVisible = 0;
		};
		736D9D2B1D43E79500F29535 /* Build configuration list for PBXNativeTarget "04_AppIconUITests" */ = {
			isa = XCConfigurationList;
			buildConfigurations = (
				736D9D2C1D43E79500F29535 /* Debug */,
				736D9D2D1D43E79500F29535 /* Release */,
			);
			defaultConfigurationIsVisible = 0;
		};
/* End XCConfigurationList section */
	};
	rootObject = 736D9CF01D43E79400F29535 /* Project object */;
}
